
Microsoft Visual Studio Solution File, Format Version 12.00
# Visual Studio Version 17
VisualStudioVersion = 17.7.34202.233
MinimumVisualStudioVersion = 10.0.40219.1
Project("{FAE04EC0-301F-11D3-BF4B-00C04F79EFBC}") = "HouseRentingSystem.Web", "HouseRentingSystem.Web\HouseRentingSystem.Web.csproj", "{50683459-00A9-457F-9AEC-DD380B8614CA}"
EndProject
Global
	GlobalSection(SolutionConfigurationPlatforms) = preSolution
		Debug|Any CPU = Debug|Any CPU
		Release|Any CPU = Release|Any CPU
	EndGlobalSection
	GlobalSection(ProjectConfigurationPlatforms) = postSolution
		{50683459-00A9-457F-9AEC-DD380B8614CA}.Debug|Any CPU.ActiveCfg = Debug|Any CPU
		{50683459-00A9-457F-9AEC-DD380B8614CA}.Debug|Any CPU.Build.0 = Debug|Any CPU
		{50683459-00A9-457F-9AEC-DD380B8614CA}.Release|Any CPU.ActiveCfg = Release|Any CPU
		{50683459-00A9-457F-9AEC-DD380B8614CA}.Release|Any CPU.Build.0 = Release|Any CPU
	EndGlobalSection
	GlobalSection(SolutionProperties) = preSolution
		HideSolutionNode = FALSE
	EndGlobalSection
	GlobalSection(ExtensibilityGlobals) = postSolution
		SolutionGuid = {86E1039E-4D8A-4317-8AF6-882BB79DA421}
	EndGlobalSection
EndGlobal
